# THIS IS AN AUTOGENERATED FILE. DO NOT EDIT THIS FILE DIRECTLY.
# yarn lockfile v1


emailjs-addressparser@^2.0.1:
  version "2.0.2"
  resolved "https://registry.yarnpkg.com/emailjs-addressparser/-/emailjs-addressparser-2.0.2.tgz#fa8e6ff989667da8ae41d7316a7dfe6abe3c9d51"
  integrity sha512-E6ztFf1ePtZEwqfN3aWsvZNcpBeDqgJbVL4D32dckHkcwdhJ1bhlE4MLvHBf/IoXQmJBgkKlwGP5/5l11EE5OQ==

emailjs-base64@^1.1.4:
  version "1.1.4"
  resolved "https://registry.yarnpkg.com/emailjs-base64/-/emailjs-base64-1.1.4.tgz#392fa38cb6aa35dccd3af3637ffc14c1c7ce9612"
  integrity sha512-4h0xp1jgVTnIQBHxSJWXWanNnmuc5o+k4aHEpcLXSToN8asjB5qbXAexs7+PEsUKcEyBteNYsSvXUndYT2CGGA==

emailjs-mime-codec@^2.0.7:
  version "2.0.8"
  resolved "https://registry.yarnpkg.com/emailjs-mime-codec/-/emailjs-mime-codec-2.0.8.tgz#d5abc191902c560ee56359e0d1d9b090471f3a3f"
  integrity sha512-Upnk1zSj6wVrKRBdfc0di2eyjyTOatTs8QlZZlBedfGBWalZ6IlEaPbmoCL5Qt4VVTwLp7buYcw0+pu9sB744g==
  dependencies:
    emailjs-base64 "^1.1.4"
    ramda "^0.25.0"
    text-encoding "^0.6.4"

emailjs-mime-parser@^2.0.5:
  version "2.0.5"
  resolved "https://registry.yarnpkg.com/emailjs-mime-parser/-/emailjs-mime-parser-2.0.5.tgz#c114f2ab1ffc245eac54562be366465c84eb81ab"
  integrity sha512-Bs2n1OfnVhMhRzn0ULWFzx+WiiaUUo6Yji5WpiHDf/XIDmwm5LIZLk48UIBMdYv7QIo8mz1dRpzoBKcuIlgiLw==
  dependencies:
    emailjs-addressparser "^2.0.1"
    emailjs-mime-codec "^2.0.7"
    ramda "^0.25.0"

ramda@^0.25.0:
  version "0.25.0"
  resolved "https://registry.yarnpkg.com/ramda/-/ramda-0.25.0.tgz#8fdf68231cffa90bc2f9460390a0cb74a29b29a9"
  integrity sha512-GXpfrYVPwx3K7RQ6aYT8KPS8XViSXUVJT1ONhoKPE9VAleW42YE+U+8VEyGWt41EnEQW7gwecYJriTI0pKoecQ==

text-encoding@^0.6.4:
  version "0.6.4"
  resolved "https://registry.yarnpkg.com/text-encoding/-/text-encoding-0.6.4.tgz#e399a982257a276dae428bb92845cb71bdc26d19"
  integrity sha1-45mpgiV6J22uQou5KEXLcb3CbRk=
